
Microsoft Visual Studio Solution File, Format Version 12.00
# Visual Studio Version 17
VisualStudioVersion = 17.5.002.0
MinimumVisualStudioVersion = 10.0.40219.1
Project("{9A19103F-16F7-4668-BE54-9A1E7A4F7556}") = "hko-data", "hko-data.csproj", "{0665B20B-994D-436E-A497-F35A6E020B08}"
EndProject
Global
	GlobalSection(SolutionConfigurationPlatforms) = preSolution
		Debug|Any CPU = Debug|Any CPU
		Release|Any CPU = Release|Any CPU
	EndGlobalSection
	GlobalSection(ProjectConfigurationPlatforms) = postSolution
		{0665B20B-994D-436E-A497-F35A6E020B08}.Debug|Any CPU.ActiveCfg = Debug|Any CPU
		{0665B20B-994D-436E-A497-F35A6E020B08}.Debug|Any CPU.Build.0 = Debug|Any CPU
		{0665B20B-994D-436E-A497-F35A6E020B08}.Release|Any CPU.ActiveCfg = Release|Any CPU
		{0665B20B-994D-436E-A497-F35A6E020B08}.Release|Any CPU.Build.0 = Release|Any CPU
	EndGlobalSection
	GlobalSection(SolutionProperties) = preSolution
		HideSolutionNode = FALSE
	EndGlobalSection
	GlobalSection(ExtensibilityGlobals) = postSolution
		SolutionGuid = {1AFC73BF-3537-491B-B5D4-2696F872E0AE}
	EndGlobalSection
EndGlobal
